
Microsoft Visual Studio Solution File, Format Version 12.00
# Visual Studio Version 16
VisualStudioVersion = 16.0.30104.148
MinimumVisualStudioVersion = 10.0.40219.1
Project("{9A19103F-16F7-4668-BE54-9A1E7A4F7556}") = "FindRouteFromZero", "FindRouteFromZero\FindRouteFromZero.csproj", "{CA7D5B27-3F21-4A1B-AEC2-EBF994BB3C68}"
EndProject
Project("{2150E333-8FDC-42A3-9474-1A3956D46DE8}") = "Libraries", "Libraries", "{6C7462F8-CA9B-4924-8A29-A73EAD412E8E}"
EndProject
Project("{9A19103F-16F7-4668-BE54-9A1E7A4F7556}") = "Algorithms.ShortestPath", "Libraries\Algorithms.ShortestPath\Algorithms.ShortestPath.csproj", "{106D3E93-6F40-45D6-B028-049C6A6C34F5}"
EndProject
Project("{2150E333-8FDC-42A3-9474-1A3956D46DE8}") = "WebApi", "WebApi", "{3204717C-10A8-4D16-8E40-5C037B1157C8}"
EndProject
Project("{2150E333-8FDC-42A3-9474-1A3956D46DE8}") = "Services", "Services", "{62802E8C-7F32-4B0F-8DDC-5D04664D9D37}"
EndProject
Project("{FAE04EC0-301F-11D3-BF4B-00C04F79EFBC}") = "FindRouteFromZero.Application", "FindRouteFromZero.Application\FindRouteFromZero.Application.csproj", "{4D4EB829-D4A3-4AC5-8998-9668B136C3EF}"
EndProject
Project("{FAE04EC0-301F-11D3-BF4B-00C04F79EFBC}") = "FindRouteFromZero.Domain", "FindRouteFromZero.Domain\FindRouteFromZero.Domain.csproj", "{B3683AEB-A84E-41D8-B7DC-17DB5F7CB57C}"
EndProject
Project("{FAE04EC0-301F-11D3-BF4B-00C04F79EFBC}") = "FindRouteFromZero.Infrastructure", "FindRouteFromZero.Infrastructure\FindRouteFromZero.Infrastructure.csproj", "{DC237B7C-71C3-4223-AE4F-E3F75D4E3A26}"
EndProject
Project("{FAE04EC0-301F-11D3-BF4B-00C04F79EFBC}") = "FindRouteFromZero.Infrastructure.DI", "FindRouteFromZero.Infrastructure.DI\FindRouteFromZero.Infrastructure.DI.csproj", "{6FC324E9-77D0-4317-A8FE-95D3513089C6}"
EndProject
Project("{2150E333-8FDC-42A3-9474-1A3956D46DE8}") = "MobileApps", "MobileApps", "{2F81DDE3-D17A-46EF-AD08-6537C862D2A4}"
EndProject
Project("{FAE04EC0-301F-11D3-BF4B-00C04F79EFBC}") = "FindRouteFromZero.Mobile.UWP", "FindRouteFromZero.Mobile\FindRouteFromZero.Mobile.UWP\FindRouteFromZero.Mobile.UWP.csproj", "{1FF1BD83-1291-4D15-B51F-BD6918C69674}"
EndProject
Project("{FAE04EC0-301F-11D3-BF4B-00C04F79EFBC}") = "FindRouteFromZero.Mobile.Android", "FindRouteFromZero.Mobile\FindRouteFromZero.Mobile.Android\FindRouteFromZero.Mobile.Android.csproj", "{EC488A6E-DBA7-4F8C-8E4A-2AB4747CE596}"
EndProject
Project("{FAE04EC0-301F-11D3-BF4B-00C04F79EFBC}") = "FindRouteFromZero.Mobile.iOS", "FindRouteFromZero.Mobile\FindRouteFromZero.Mobile.iOS\FindRouteFromZero.Mobile.iOS.csproj", "{92948643-1BC5-45C8-A17C-6CEB9CD5A9F8}"
EndProject
Project("{FAE04EC0-301F-11D3-BF4B-00C04F79EFBC}") = "FindRouteFromZero.Mobile", "FindRouteFromZero.Mobile\FindRouteFromZero.Mobile\FindRouteFromZero.Mobile.csproj", "{EBBDD31C-A1BD-4917-957E-92253669A638}"
EndProject
Global
	GlobalSection(SolutionConfigurationPlatforms) = preSolution
		Debug|Any CPU = Debug|Any CPU
		Debug|ARM = Debug|ARM
		Debug|iPhone = Debug|iPhone
		Debug|iPhoneSimulator = Debug|iPhoneSimulator
		Debug|x64 = Debug|x64
		Debug|x86 = Debug|x86
		Release|Any CPU = Release|Any CPU
		Release|ARM = Release|ARM
		Release|iPhone = Release|iPhone
		Release|iPhoneSimulator = Release|iPhoneSimulator
		Release|x64 = Release|x64
		Release|x86 = Release|x86
	EndGlobalSection
	GlobalSection(ProjectConfigurationPlatforms) = postSolution
		{CA7D5B27-3F21-4A1B-AEC2-EBF994BB3C68}.Debug|Any CPU.ActiveCfg = Debug|Any CPU
		{CA7D5B27-3F21-4A1B-AEC2-EBF994BB3C68}.Debug|Any CPU.Build.0 = Debug|Any CPU
		{CA7D5B27-3F21-4A1B-AEC2-EBF994BB3C68}.Debug|ARM.ActiveCfg = Debug|Any CPU
		{CA7D5B27-3F21-4A1B-AEC2-EBF994BB3C68}.Debug|ARM.Build.0 = Debug|Any CPU
		{CA7D5B27-3F21-4A1B-AEC2-EBF994BB3C68}.Debug|iPhone.ActiveCfg = Debug|Any CPU
		{CA7D5B27-3F21-4A1B-AEC2-EBF994BB3C68}.Debug|iPhone.Build.0 = Debug|Any CPU
		{CA7D5B27-3F21-4A1B-AEC2-EBF994BB3C68}.Debug|iPhoneSimulator.ActiveCfg = Debug|Any CPU
		{CA7D5B27-3F21-4A1B-AEC2-EBF994BB3C68}.Debug|iPhoneSimulator.Build.0 = Debug|Any CPU
		{CA7D5B27-3F21-4A1B-AEC2-EBF994BB3C68}.Debug|x64.ActiveCfg = Debug|Any CPU
		{CA7D5B27-3F21-4A1B-AEC2-EBF994BB3C68}.Debug|x64.Build.0 = Debug|Any CPU
		{CA7D5B27-3F21-4A1B-AEC2-EBF994BB3C68}.Debug|x86.ActiveCfg = Debug|Any CPU
		{CA7D5B27-3F21-4A1B-AEC2-EBF994BB3C68}.Debug|x86.Build.0 = Debug|Any CPU
		{CA7D5B27-3F21-4A1B-AEC2-EBF994BB3C68}.Release|Any CPU.ActiveCfg = Release|Any CPU
		{CA7D5B27-3F21-4A1B-AEC2-EBF994BB3C68}.Release|Any CPU.Build.0 = Release|Any CPU
		{CA7D5B27-3F21-4A1B-AEC2-EBF994BB3C68}.Release|ARM.ActiveCfg = Release|Any CPU
		{CA7D5B27-3F21-4A1B-AEC2-EBF994BB3C68}.Release|ARM.Build.0 = Release|Any CPU
		{CA7D5B27-3F21-4A1B-AEC2-EBF994BB3C68}.Release|iPhone.ActiveCfg = Release|Any CPU
		{CA7D5B27-3F21-4A1B-AEC2-EBF994BB3C68}.Release|iPhone.Build.0 = Release|Any CPU
		{CA7D5B27-3F21-4A1B-AEC2-EBF994BB3C68}.Release|iPhoneSimulator.ActiveCfg = Release|Any CPU
		{CA7D5B27-3F21-4A1B-AEC2-EBF994BB3C68}.Release|iPhoneSimulator.Build.0 = Release|Any CPU
		{CA7D5B27-3F21-4A1B-AEC2-EBF994BB3C68}.Release|x64.ActiveCfg = Release|Any CPU
		{CA7D5B27-3F21-4A1B-AEC2-EBF994BB3C68}.Release|x64.Build.0 = Release|Any CPU
		{CA7D5B27-3F21-4A1B-AEC2-EBF994BB3C68}.Release|x86.ActiveCfg = Release|Any CPU
		{CA7D5B27-3F21-4A1B-AEC2-EBF994BB3C68}.Release|x86.Build.0 = Release|Any CPU
		{106D3E93-6F40-45D6-B028-049C6A6C34F5}.Debug|Any CPU.ActiveCfg = Debug|Any CPU
		{106D3E93-6F40-45D6-B028-049C6A6C34F5}.Debug|Any CPU.Build.0 = Debug|Any CPU
		{106D3E93-6F40-45D6-B028-049C6A6C34F5}.Debug|ARM.ActiveCfg = Debug|Any CPU
		{106D3E93-6F40-45D6-B028-049C6A6C34F5}.Debug|ARM.Build.0 = Debug|Any CPU
		{106D3E93-6F40-45D6-B028-049C6A6C34F5}.Debug|iPhone.ActiveCfg = Debug|Any CPU
		{106D3E93-6F40-45D6-B028-049C6A6C34F5}.Debug|iPhone.Build.0 = Debug|Any CPU
		{106D3E93-6F40-45D6-B028-049C6A6C34F5}.Debug|iPhoneSimulator.ActiveCfg = Debug|Any CPU
		{106D3E93-6F40-45D6-B028-049C6A6C34F5}.Debug|iPhoneSimulator.Build.0 = Debug|Any CPU
		{106D3E93-6F40-45D6-B028-049C6A6C34F5}.Debug|x64.ActiveCfg = Debug|Any CPU
		{106D3E93-6F40-45D6-B028-049C6A6C34F5}.Debug|x64.Build.0 = Debug|Any CPU
		{106D3E93-6F40-45D6-B028-049C6A6C34F5}.Debug|x86.ActiveCfg = Debug|Any CPU
		{106D3E93-6F40-45D6-B028-049C6A6C34F5}.Debug|x86.Build.0 = Debug|Any CPU
		{106D3E93-6F40-45D6-B028-049C6A6C34F5}.Release|Any CPU.ActiveCfg = Release|Any CPU
		{106D3E93-6F40-45D6-B028-049C6A6C34F5}.Release|Any CPU.Build.0 = Release|Any CPU
		{106D3E93-6F40-45D6-B028-049C6A6C34F5}.Release|ARM.ActiveCfg = Release|Any CPU
		{106D3E93-6F40-45D6-B028-049C6A6C34F5}.Release|ARM.Build.0 = Release|Any CPU
		{106D3E93-6F40-45D6-B028-049C6A6C34F5}.Release|iPhone.ActiveCfg = Release|Any CPU
		{106D3E93-6F40-45D6-B028-049C6A6C34F5}.Release|iPhone.Build.0 = Release|Any CPU
		{106D3E93-6F40-45D6-B028-049C6A6C34F5}.Release|iPhoneSimulator.ActiveCfg = Release|Any CPU
		{106D3E93-6F40-45D6-B028-049C6A6C34F5}.Release|iPhoneSimulator.Build.0 = Release|Any CPU
		{106D3E93-6F40-45D6-B028-049C6A6C34F5}.Release|x64.ActiveCfg = Release|Any CPU
		{106D3E93-6F40-45D6-B028-049C6A6C34F5}.Release|x64.Build.0 = Release|Any CPU
		{106D3E93-6F40-45D6-B028-049C6A6C34F5}.Release|x86.ActiveCfg = Release|Any CPU
		{106D3E93-6F40-45D6-B028-049C6A6C34F5}.Release|x86.Build.0 = Release|Any CPU
		{4D4EB829-D4A3-4AC5-8998-9668B136C3EF}.Debug|Any CPU.ActiveCfg = Debug|Any CPU
		{4D4EB829-D4A3-4AC5-8998-9668B136C3EF}.Debug|Any CPU.Build.0 = Debug|Any CPU
		{4D4EB829-D4A3-4AC5-8998-9668B136C3EF}.Debug|ARM.ActiveCfg = Debug|Any CPU
		{4D4EB829-D4A3-4AC5-8998-9668B136C3EF}.Debug|ARM.Build.0 = Debug|Any CPU
		{4D4EB829-D4A3-4AC5-8998-9668B136C3EF}.Debug|iPhone.ActiveCfg = Debug|Any CPU
		{4D4EB829-D4A3-4AC5-8998-9668B136C3EF}.Debug|iPhone.Build.0 = Debug|Any CPU
		{4D4EB829-D4A3-4AC5-8998-9668B136C3EF}.Debug|iPhoneSimulator.ActiveCfg = Debug|Any CPU
		{4D4EB829-D4A3-4AC5-8998-9668B136C3EF}.Debug|iPhoneSimulator.Build.0 = Debug|Any CPU
		{4D4EB829-D4A3-4AC5-8998-9668B136C3EF}.Debug|x64.ActiveCfg = Debug|Any CPU
		{4D4EB829-D4A3-4AC5-8998-9668B136C3EF}.Debug|x64.Build.0 = Debug|Any CPU
		{4D4EB829-D4A3-4AC5-8998-9668B136C3EF}.Debug|x86.ActiveCfg = Debug|Any CPU
		{4D4EB829-D4A3-4AC5-8998-9668B136C3EF}.Debug|x86.Build.0 = Debug|Any CPU
		{4D4EB829-D4A3-4AC5-8998-9668B136C3EF}.Release|Any CPU.ActiveCfg = Release|Any CPU
		{4D4EB829-D4A3-4AC5-8998-9668B136C3EF}.Release|Any CPU.Build.0 = Release|Any CPU
		{4D4EB829-D4A3-4AC5-8998-9668B136C3EF}.Release|ARM.ActiveCfg = Release|Any CPU
		{4D4EB829-D4A3-4AC5-8998-9668B136C3EF}.Release|ARM.Build.0 = Release|Any CPU
		{4D4EB829-D4A3-4AC5-8998-9668B136C3EF}.Release|iPhone.ActiveCfg = Release|Any CPU
		{4D4EB829-D4A3-4AC5-8998-9668B136C3EF}.Release|iPhone.Build.0 = Release|Any CPU
		{4D4EB829-D4A3-4AC5-8998-9668B136C3EF}.Release|iPhoneSimulator.ActiveCfg = Release|Any CPU
		{4D4EB829-D4A3-4AC5-8998-9668B136C3EF}.Release|iPhoneSimulator.Build.0 = Release|Any CPU
		{4D4EB829-D4A3-4AC5-8998-9668B136C3EF}.Release|x64.ActiveCfg = Release|Any CPU
		{4D4EB829-D4A3-4AC5-8998-9668B136C3EF}.Release|x64.Build.0 = Release|Any CPU
		{4D4EB829-D4A3-4AC5-8998-9668B136C3EF}.Release|x86.ActiveCfg = Release|Any CPU
		{4D4EB829-D4A3-4AC5-8998-9668B136C3EF}.Release|x86.Build.0 = Release|Any CPU
		{B3683AEB-A84E-41D8-B7DC-17DB5F7CB57C}.Debug|Any CPU.ActiveCfg = Debug|Any CPU
		{B3683AEB-A84E-41D8-B7DC-17DB5F7CB57C}.Debug|Any CPU.Build.0 = Debug|Any CPU
		{B3683AEB-A84E-41D8-B7DC-17DB5F7CB57C}.Debug|ARM.ActiveCfg = Debug|Any CPU
		{B3683AEB-A84E-41D8-B7DC-17DB5F7CB57C}.Debug|ARM.Build.0 = Debug|Any CPU
		{B3683AEB-A84E-41D8-B7DC-17DB5F7CB57C}.Debug|iPhone.ActiveCfg = Debug|Any CPU
		{B3683AEB-A84E-41D8-B7DC-17DB5F7CB57C}.Debug|iPhone.Build.0 = Debug|Any CPU
		{B3683AEB-A84E-41D8-B7DC-17DB5F7CB57C}.Debug|iPhoneSimulator.ActiveCfg = Debug|Any CPU
		{B3683AEB-A84E-41D8-B7DC-17DB5F7CB57C}.Debug|iPhoneSimulator.Build.0 = Debug|Any CPU
		{B3683AEB-A84E-41D8-B7DC-17DB5F7CB57C}.Debug|x64.ActiveCfg = Debug|Any CPU
		{B3683AEB-A84E-41D8-B7DC-17DB5F7CB57C}.Debug|x64.Build.0 = Debug|Any CPU
		{B3683AEB-A84E-41D8-B7DC-17DB5F7CB57C}.Debug|x86.ActiveCfg = Debug|Any CPU
		{B3683AEB-A84E-41D8-B7DC-17DB5F7CB57C}.Debug|x86.Build.0 = Debug|Any CPU
		{B3683AEB-A84E-41D8-B7DC-17DB5F7CB57C}.Release|Any CPU.ActiveCfg = Release|Any CPU
		{B3683AEB-A84E-41D8-B7DC-17DB5F7CB57C}.Release|Any CPU.Build.0 = Release|Any CPU
		{B3683AEB-A84E-41D8-B7DC-17DB5F7CB57C}.Release|ARM.ActiveCfg = Release|Any CPU
		{B3683AEB-A84E-41D8-B7DC-17DB5F7CB57C}.Release|ARM.Build.0 = Release|Any CPU
		{B3683AEB-A84E-41D8-B7DC-17DB5F7CB57C}.Release|iPhone.ActiveCfg = Release|Any CPU
		{B3683AEB-A84E-41D8-B7DC-17DB5F7CB57C}.Release|iPhone.Build.0 = Release|Any CPU
		{B3683AEB-A84E-41D8-B7DC-17DB5F7CB57C}.Release|iPhoneSimulator.ActiveCfg = Release|Any CPU
		{B3683AEB-A84E-41D8-B7DC-17DB5F7CB57C}.Release|iPhoneSimulator.Build.0 = Release|Any CPU
		{B3683AEB-A84E-41D8-B7DC-17DB5F7CB57C}.Release|x64.ActiveCfg = Release|Any CPU
		{B3683AEB-A84E-41D8-B7DC-17DB5F7CB57C}.Release|x64.Build.0 = Release|Any CPU
		{B3683AEB-A84E-41D8-B7DC-17DB5F7CB57C}.Release|x86.ActiveCfg = Release|Any CPU
		{B3683AEB-A84E-41D8-B7DC-17DB5F7CB57C}.Release|x86.Build.0 = Release|Any CPU
		{DC237B7C-71C3-4223-AE4F-E3F75D4E3A26}.Debug|Any CPU.ActiveCfg = Debug|Any CPU
		{DC237B7C-71C3-4223-AE4F-E3F75D4E3A26}.Debug|Any CPU.Build.0 = Debug|Any CPU
		{DC237B7C-71C3-4223-AE4F-E3F75D4E3A26}.Debug|ARM.ActiveCfg = Debug|Any CPU
		{DC237B7C-71C3-4223-AE4F-E3F75D4E3A26}.Debug|ARM.Build.0 = Debug|Any CPU
		{DC237B7C-71C3-4223-AE4F-E3F75D4E3A26}.Debug|iPhone.ActiveCfg = Debug|Any CPU
		{DC237B7C-71C3-4223-AE4F-E3F75D4E3A26}.Debug|iPhone.Build.0 = Debug|Any CPU
		{DC237B7C-71C3-4223-AE4F-E3F75D4E3A26}.Debug|iPhoneSimulator.ActiveCfg = Debug|Any CPU
		{DC237B7C-71C3-4223-AE4F-E3F75D4E3A26}.Debug|iPhoneSimulator.Build.0 = Debug|Any CPU
		{DC237B7C-71C3-4223-AE4F-E3F75D4E3A26}.Debug|x64.ActiveCfg = Debug|Any CPU
		{DC237B7C-71C3-4223-AE4F-E3F75D4E3A26}.Debug|x64.Build.0 = Debug|Any CPU
		{DC237B7C-71C3-4223-AE4F-E3F75D4E3A26}.Debug|x86.ActiveCfg = Debug|Any CPU
		{DC237B7C-71C3-4223-AE4F-E3F75D4E3A26}.Debug|x86.Build.0 = Debug|Any CPU
		{DC237B7C-71C3-4223-AE4F-E3F75D4E3A26}.Release|Any CPU.ActiveCfg = Release|Any CPU
		{DC237B7C-71C3-4223-AE4F-E3F75D4E3A26}.Release|Any CPU.Build.0 = Release|Any CPU
		{DC237B7C-71C3-4223-AE4F-E3F75D4E3A26}.Release|ARM.ActiveCfg = Release|Any CPU
		{DC237B7C-71C3-4223-AE4F-E3F75D4E3A26}.Release|ARM.Build.0 = Release|Any CPU
		{DC237B7C-71C3-4223-AE4F-E3F75D4E3A26}.Release|iPhone.ActiveCfg = Release|Any CPU
		{DC237B7C-71C3-4223-AE4F-E3F75D4E3A26}.Release|iPhone.Build.0 = Release|Any CPU
		{DC237B7C-71C3-4223-AE4F-E3F75D4E3A26}.Release|iPhoneSimulator.ActiveCfg = Release|Any CPU
		{DC237B7C-71C3-4223-AE4F-E3F75D4E3A26}.Release|iPhoneSimulator.Build.0 = Release|Any CPU
		{DC237B7C-71C3-4223-AE4F-E3F75D4E3A26}.Release|x64.ActiveCfg = Release|Any CPU
		{DC237B7C-71C3-4223-AE4F-E3F75D4E3A26}.Release|x64.Build.0 = Release|Any CPU
		{DC237B7C-71C3-4223-AE4F-E3F75D4E3A26}.Release|x86.ActiveCfg = Release|Any CPU
		{DC237B7C-71C3-4223-AE4F-E3F75D4E3A26}.Release|x86.Build.0 = Release|Any CPU
		{6FC324E9-77D0-4317-A8FE-95D3513089C6}.Debug|Any CPU.ActiveCfg = Debug|Any CPU
		{6FC324E9-77D0-4317-A8FE-95D3513089C6}.Debug|Any CPU.Build.0 = Debug|Any CPU
		{6FC324E9-77D0-4317-A8FE-95D3513089C6}.Debug|ARM.ActiveCfg = Debug|Any CPU
		{6FC324E9-77D0-4317-A8FE-95D3513089C6}.Debug|ARM.Build.0 = Debug|Any CPU
		{6FC324E9-77D0-4317-A8FE-95D3513089C6}.Debug|iPhone.ActiveCfg = Debug|Any CPU
		{6FC324E9-77D0-4317-A8FE-95D3513089C6}.Debug|iPhone.Build.0 = Debug|Any CPU
		{6FC324E9-77D0-4317-A8FE-95D3513089C6}.Debug|iPhoneSimulator.ActiveCfg = Debug|Any CPU
		{6FC324E9-77D0-4317-A8FE-95D3513089C6}.Debug|iPhoneSimulator.Build.0 = Debug|Any CPU
		{6FC324E9-77D0-4317-A8FE-95D3513089C6}.Debug|x64.ActiveCfg = Debug|Any CPU
		{6FC324E9-77D0-4317-A8FE-95D3513089C6}.Debug|x64.Build.0 = Debug|Any CPU
		{6FC324E9-77D0-4317-A8FE-95D3513089C6}.Debug|x86.ActiveCfg = Debug|Any CPU
		{6FC324E9-77D0-4317-A8FE-95D3513089C6}.Debug|x86.Build.0 = Debug|Any CPU
		{6FC324E9-77D0-4317-A8FE-95D3513089C6}.Release|Any CPU.ActiveCfg = Release|Any CPU
		{6FC324E9-77D0-4317-A8FE-95D3513089C6}.Release|Any CPU.Build.0 = Release|Any CPU
		{6FC324E9-77D0-4317-A8FE-95D3513089C6}.Release|ARM.ActiveCfg = Release|Any CPU
		{6FC324E9-77D0-4317-A8FE-95D3513089C6}.Release|ARM.Build.0 = Release|Any CPU
		{6FC324E9-77D0-4317-A8FE-95D3513089C6}.Release|iPhone.ActiveCfg = Release|Any CPU
		{6FC324E9-77D0-4317-A8FE-95D3513089C6}.Release|iPhone.Build.0 = Release|Any CPU
		{6FC324E9-77D0-4317-A8FE-95D3513089C6}.Release|iPhoneSimulator.ActiveCfg = Release|Any CPU
		{6FC324E9-77D0-4317-A8FE-95D3513089C6}.Release|iPhoneSimulator.Build.0 = Release|Any CPU
		{6FC324E9-77D0-4317-A8FE-95D3513089C6}.Release|x64.ActiveCfg = Release|Any CPU
		{6FC324E9-77D0-4317-A8FE-95D3513089C6}.Release|x64.Build.0 = Release|Any CPU
		{6FC324E9-77D0-4317-A8FE-95D3513089C6}.Release|x86.ActiveCfg = Release|Any CPU
		{6FC324E9-77D0-4317-A8FE-95D3513089C6}.Release|x86.Build.0 = Release|Any CPU
		{1FF1BD83-1291-4D15-B51F-BD6918C69674}.Debug|Any CPU.ActiveCfg = Debug|x86
		{1FF1BD83-1291-4D15-B51F-BD6918C69674}.Debug|ARM.ActiveCfg = Debug|ARM
		{1FF1BD83-1291-4D15-B51F-BD6918C69674}.Debug|ARM.Build.0 = Debug|ARM
		{1FF1BD83-1291-4D15-B51F-BD6918C69674}.Debug|ARM.Deploy.0 = Debug|ARM
		{1FF1BD83-1291-4D15-B51F-BD6918C69674}.Debug|iPhone.ActiveCfg = Debug|x86
		{1FF1BD83-1291-4D15-B51F-BD6918C69674}.Debug|iPhoneSimulator.ActiveCfg = Debug|x86
		{1FF1BD83-1291-4D15-B51F-BD6918C69674}.Debug|x64.ActiveCfg = Debug|x64
		{1FF1BD83-1291-4D15-B51F-BD6918C69674}.Debug|x64.Build.0 = Debug|x64
		{1FF1BD83-1291-4D15-B51F-BD6918C69674}.Debug|x64.Deploy.0 = Debug|x64
		{1FF1BD83-1291-4D15-B51F-BD6918C69674}.Debug|x86.ActiveCfg = Debug|x86
		{1FF1BD83-1291-4D15-B51F-BD6918C69674}.Debug|x86.Build.0 = Debug|x86
		{1FF1BD83-1291-4D15-B51F-BD6918C69674}.Debug|x86.Deploy.0 = Debug|x86
		{1FF1BD83-1291-4D15-B51F-BD6918C69674}.Release|Any CPU.ActiveCfg = Release|x86
		{1FF1BD83-1291-4D15-B51F-BD6918C69674}.Release|ARM.ActiveCfg = Release|ARM
		{1FF1BD83-1291-4D15-B51F-BD6918C69674}.Release|ARM.Build.0 = Release|ARM
		{1FF1BD83-1291-4D15-B51F-BD6918C69674}.Release|ARM.Deploy.0 = Release|ARM
		{1FF1BD83-1291-4D15-B51F-BD6918C69674}.Release|iPhone.ActiveCfg = Release|x86
		{1FF1BD83-1291-4D15-B51F-BD6918C69674}.Release|iPhoneSimulator.ActiveCfg = Release|x86
		{1FF1BD83-1291-4D15-B51F-BD6918C69674}.Release|x64.ActiveCfg = Release|x64
		{1FF1BD83-1291-4D15-B51F-BD6918C69674}.Release|x64.Build.0 = Release|x64
		{1FF1BD83-1291-4D15-B51F-BD6918C69674}.Release|x64.Deploy.0 = Release|x64
		{1FF1BD83-1291-4D15-B51F-BD6918C69674}.Release|x86.ActiveCfg = Release|x86
		{1FF1BD83-1291-4D15-B51F-BD6918C69674}.Release|x86.Build.0 = Release|x86
		{1FF1BD83-1291-4D15-B51F-BD6918C69674}.Release|x86.Deploy.0 = Release|x86
		{EC488A6E-DBA7-4F8C-8E4A-2AB4747CE596}.Debug|Any CPU.ActiveCfg = Debug|Any CPU
		{EC488A6E-DBA7-4F8C-8E4A-2AB4747CE596}.Debug|Any CPU.Build.0 = Debug|Any CPU
		{EC488A6E-DBA7-4F8C-8E4A-2AB4747CE596}.Debug|Any CPU.Deploy.0 = Debug|Any CPU
		{EC488A6E-DBA7-4F8C-8E4A-2AB4747CE596}.Debug|ARM.ActiveCfg = Debug|Any CPU
		{EC488A6E-DBA7-4F8C-8E4A-2AB4747CE596}.Debug|ARM.Build.0 = Debug|Any CPU
		{EC488A6E-DBA7-4F8C-8E4A-2AB4747CE596}.Debug|ARM.Deploy.0 = Debug|Any CPU
		{EC488A6E-DBA7-4F8C-8E4A-2AB4747CE596}.Debug|iPhone.ActiveCfg = Debug|Any CPU
		{EC488A6E-DBA7-4F8C-8E4A-2AB4747CE596}.Debug|iPhone.Build.0 = Debug|Any CPU
		{EC488A6E-DBA7-4F8C-8E4A-2AB4747CE596}.Debug|iPhone.Deploy.0 = Debug|Any CPU
		{EC488A6E-DBA7-4F8C-8E4A-2AB4747CE596}.Debug|iPhoneSimulator.ActiveCfg = Debug|Any CPU
		{EC488A6E-DBA7-4F8C-8E4A-2AB4747CE596}.Debug|iPhoneSimulator.Build.0 = Debug|Any CPU
		{EC488A6E-DBA7-4F8C-8E4A-2AB4747CE596}.Debug|iPhoneSimulator.Deploy.0 = Debug|Any CPU
		{EC488A6E-DBA7-4F8C-8E4A-2AB4747CE596}.Debug|x64.ActiveCfg = Debug|Any CPU
		{EC488A6E-DBA7-4F8C-8E4A-2AB4747CE596}.Debug|x64.Build.0 = Debug|Any CPU
		{EC488A6E-DBA7-4F8C-8E4A-2AB4747CE596}.Debug|x64.Deploy.0 = Debug|Any CPU
		{EC488A6E-DBA7-4F8C-8E4A-2AB4747CE596}.Debug|x86.ActiveCfg = Debug|Any CPU
		{EC488A6E-DBA7-4F8C-8E4A-2AB4747CE596}.Debug|x86.Build.0 = Debug|Any CPU
		{EC488A6E-DBA7-4F8C-8E4A-2AB4747CE596}.Debug|x86.Deploy.0 = Debug|Any CPU
		{EC488A6E-DBA7-4F8C-8E4A-2AB4747CE596}.Release|Any CPU.ActiveCfg = Release|Any CPU
		{EC488A6E-DBA7-4F8C-8E4A-2AB4747CE596}.Release|Any CPU.Build.0 = Release|Any CPU
		{EC488A6E-DBA7-4F8C-8E4A-2AB4747CE596}.Release|Any CPU.Deploy.0 = Release|Any CPU
		{EC488A6E-DBA7-4F8C-8E4A-2AB4747CE596}.Release|ARM.ActiveCfg = Release|Any CPU
		{EC488A6E-DBA7-4F8C-8E4A-2AB4747CE596}.Release|ARM.Build.0 = Release|Any CPU
		{EC488A6E-DBA7-4F8C-8E4A-2AB4747CE596}.Release|ARM.Deploy.0 = Release|Any CPU
		{EC488A6E-DBA7-4F8C-8E4A-2AB4747CE596}.Release|iPhone.ActiveCfg = Release|Any CPU
		{EC488A6E-DBA7-4F8C-8E4A-2AB4747CE596}.Release|iPhone.Build.0 = Release|Any CPU
		{EC488A6E-DBA7-4F8C-8E4A-2AB4747CE596}.Release|iPhone.Deploy.0 = Release|Any CPU
		{EC488A6E-DBA7-4F8C-8E4A-2AB4747CE596}.Release|iPhoneSimulator.ActiveCfg = Release|Any CPU
		{EC488A6E-DBA7-4F8C-8E4A-2AB4747CE596}.Release|iPhoneSimulator.Build.0 = Release|Any CPU
		{EC488A6E-DBA7-4F8C-8E4A-2AB4747CE596}.Release|iPhoneSimulator.Deploy.0 = Release|Any CPU
		{EC488A6E-DBA7-4F8C-8E4A-2AB4747CE596}.Release|x64.ActiveCfg = Release|Any CPU
		{EC488A6E-DBA7-4F8C-8E4A-2AB4747CE596}.Release|x64.Build.0 = Release|Any CPU
		{EC488A6E-DBA7-4F8C-8E4A-2AB4747CE596}.Release|x64.Deploy.0 = Release|Any CPU
		{EC488A6E-DBA7-4F8C-8E4A-2AB4747CE596}.Release|x86.ActiveCfg = Release|Any CPU
		{EC488A6E-DBA7-4F8C-8E4A-2AB4747CE596}.Release|x86.Build.0 = Release|Any CPU
		{EC488A6E-DBA7-4F8C-8E4A-2AB4747CE596}.Release|x86.Deploy.0 = Release|Any CPU
		{92948643-1BC5-45C8-A17C-6CEB9CD5A9F8}.Debug|Any CPU.ActiveCfg = Debug|iPhone
		{92948643-1BC5-45C8-A17C-6CEB9CD5A9F8}.Debug|ARM.ActiveCfg = Debug|iPhone
		{92948643-1BC5-45C8-A17C-6CEB9CD5A9F8}.Debug|iPhone.ActiveCfg = Debug|iPhone
		{92948643-1BC5-45C8-A17C-6CEB9CD5A9F8}.Debug|iPhone.Build.0 = Debug|iPhone
		{92948643-1BC5-45C8-A17C-6CEB9CD5A9F8}.Debug|iPhoneSimulator.ActiveCfg = Debug|iPhoneSimulator
		{92948643-1BC5-45C8-A17C-6CEB9CD5A9F8}.Debug|iPhoneSimulator.Build.0 = Debug|iPhoneSimulator
		{92948643-1BC5-45C8-A17C-6CEB9CD5A9F8}.Debug|x64.ActiveCfg = Debug|iPhone
		{92948643-1BC5-45C8-A17C-6CEB9CD5A9F8}.Debug|x86.ActiveCfg = Debug|iPhone
		{92948643-1BC5-45C8-A17C-6CEB9CD5A9F8}.Release|Any CPU.ActiveCfg = Release|iPhone
		{92948643-1BC5-45C8-A17C-6CEB9CD5A9F8}.Release|ARM.ActiveCfg = Release|iPhone
		{92948643-1BC5-45C8-A17C-6CEB9CD5A9F8}.Release|iPhone.ActiveCfg = Release|iPhone
		{92948643-1BC5-45C8-A17C-6CEB9CD5A9F8}.Release|iPhone.Build.0 = Release|iPhone
		{92948643-1BC5-45C8-A17C-6CEB9CD5A9F8}.Release|iPhoneSimulator.ActiveCfg = Release|iPhoneSimulator
		{92948643-1BC5-45C8-A17C-6CEB9CD5A9F8}.Release|iPhoneSimulator.Build.0 = Release|iPhoneSimulator
		{92948643-1BC5-45C8-A17C-6CEB9CD5A9F8}.Release|x64.ActiveCfg = Release|iPhone
		{92948643-1BC5-45C8-A17C-6CEB9CD5A9F8}.Release|x86.ActiveCfg = Release|iPhone
		{EBBDD31C-A1BD-4917-957E-92253669A638}.Debug|Any CPU.ActiveCfg = Debug|Any CPU
		{EBBDD31C-A1BD-4917-957E-92253669A638}.Debug|Any CPU.Build.0 = Debug|Any CPU
		{EBBDD31C-A1BD-4917-957E-92253669A638}.Debug|ARM.ActiveCfg = Debug|Any CPU
		{EBBDD31C-A1BD-4917-957E-92253669A638}.Debug|ARM.Build.0 = Debug|Any CPU
		{EBBDD31C-A1BD-4917-957E-92253669A638}.Debug|iPhone.ActiveCfg = Debug|Any CPU
		{EBBDD31C-A1BD-4917-957E-92253669A638}.Debug|iPhone.Build.0 = Debug|Any CPU
		{EBBDD31C-A1BD-4917-957E-92253669A638}.Debug|iPhoneSimulator.ActiveCfg = Debug|Any CPU
		{EBBDD31C-A1BD-4917-957E-92253669A638}.Debug|iPhoneSimulator.Build.0 = Debug|Any CPU
		{EBBDD31C-A1BD-4917-957E-92253669A638}.Debug|x64.ActiveCfg = Debug|Any CPU
		{EBBDD31C-A1BD-4917-957E-92253669A638}.Debug|x64.Build.0 = Debug|Any CPU
		{EBBDD31C-A1BD-4917-957E-92253669A638}.Debug|x86.ActiveCfg = Debug|Any CPU
		{EBBDD31C-A1BD-4917-957E-92253669A638}.Debug|x86.Build.0 = Debug|Any CPU
		{EBBDD31C-A1BD-4917-957E-92253669A638}.Release|Any CPU.ActiveCfg = Release|Any CPU
		{EBBDD31C-A1BD-4917-957E-92253669A638}.Release|Any CPU.Build.0 = Release|Any CPU
		{EBBDD31C-A1BD-4917-957E-92253669A638}.Release|ARM.ActiveCfg = Release|Any CPU
		{EBBDD31C-A1BD-4917-957E-92253669A638}.Release|ARM.Build.0 = Release|Any CPU
		{EBBDD31C-A1BD-4917-957E-92253669A638}.Release|iPhone.ActiveCfg = Release|Any CPU
		{EBBDD31C-A1BD-4917-957E-92253669A638}.Release|iPhone.Build.0 = Release|Any CPU
		{EBBDD31C-A1BD-4917-957E-92253669A638}.Release|iPhoneSimulator.ActiveCfg = Release|Any CPU
		{EBBDD31C-A1BD-4917-957E-92253669A638}.Release|iPhoneSimulator.Build.0 = Release|Any CPU
		{EBBDD31C-A1BD-4917-957E-92253669A638}.Release|x64.ActiveCfg = Release|Any CPU
		{EBBDD31C-A1BD-4917-957E-92253669A638}.Release|x64.Build.0 = Release|Any CPU
		{EBBDD31C-A1BD-4917-957E-92253669A638}.Release|x86.ActiveCfg = Release|Any CPU
		{EBBDD31C-A1BD-4917-957E-92253669A638}.Release|x86.Build.0 = Release|Any CPU
	EndGlobalSection
	GlobalSection(SolutionProperties) = preSolution
		HideSolutionNode = FALSE
	EndGlobalSection
	GlobalSection(NestedProjects) = preSolution
		{CA7D5B27-3F21-4A1B-AEC2-EBF994BB3C68} = {3204717C-10A8-4D16-8E40-5C037B1157C8}
		{106D3E93-6F40-45D6-B028-049C6A6C34F5} = {6C7462F8-CA9B-4924-8A29-A73EAD412E8E}
		{4D4EB829-D4A3-4AC5-8998-9668B136C3EF} = {62802E8C-7F32-4B0F-8DDC-5D04664D9D37}
		{B3683AEB-A84E-41D8-B7DC-17DB5F7CB57C} = {62802E8C-7F32-4B0F-8DDC-5D04664D9D37}
		{DC237B7C-71C3-4223-AE4F-E3F75D4E3A26} = {62802E8C-7F32-4B0F-8DDC-5D04664D9D37}
		{6FC324E9-77D0-4317-A8FE-95D3513089C6} = {62802E8C-7F32-4B0F-8DDC-5D04664D9D37}
		{1FF1BD83-1291-4D15-B51F-BD6918C69674} = {2F81DDE3-D17A-46EF-AD08-6537C862D2A4}
		{EC488A6E-DBA7-4F8C-8E4A-2AB4747CE596} = {2F81DDE3-D17A-46EF-AD08-6537C862D2A4}
		{92948643-1BC5-45C8-A17C-6CEB9CD5A9F8} = {2F81DDE3-D17A-46EF-AD08-6537C862D2A4}
		{EBBDD31C-A1BD-4917-957E-92253669A638} = {2F81DDE3-D17A-46EF-AD08-6537C862D2A4}
	EndGlobalSection
	GlobalSection(ExtensibilityGlobals) = postSolution
		SolutionGuid = {5B4FFA61-AC0B-4DDD-9790-CDB05152DD90}
	EndGlobalSection
EndGlobal
